
Microsoft Visual Studio Solution File, Format Version 12.00
# Visual Studio Version 17
VisualStudioVersion = 17.11.35222.181
MinimumVisualStudioVersion = 10.0.40219.1
Project("{FAE04EC0-301F-11D3-BF4B-00C04F79EFBC}") = "BaiTap05", "BaiTap05\BaiTap05.csproj", "{C9BC4195-599C-4087-B3AF-9E70F6F54C78}"
EndProject
Global
	GlobalSection(SolutionConfigurationPlatforms) = preSolution
		Debug|Any CPU = Debug|Any CPU
		Release|Any CPU = Release|Any CPU
	EndGlobalSection
	GlobalSection(ProjectConfigurationPlatforms) = postSolution
		{C9BC4195-599C-4087-B3AF-9E70F6F54C78}.Debug|Any CPU.ActiveCfg = Debug|Any CPU
		{C9BC4195-599C-4087-B3AF-9E70F6F54C78}.Debug|Any CPU.Build.0 = Debug|Any CPU
		{C9BC4195-599C-4087-B3AF-9E70F6F54C78}.Release|Any CPU.ActiveCfg = Release|Any CPU
		{C9BC4195-599C-4087-B3AF-9E70F6F54C78}.Release|Any CPU.Build.0 = Release|Any CPU
	EndGlobalSection
	GlobalSection(SolutionProperties) = preSolution
		HideSolutionNode = FALSE
	EndGlobalSection
	GlobalSection(ExtensibilityGlobals) = postSolution
		SolutionGuid = {40AB4B73-5943-419B-9CEE-36045E420A12}
	EndGlobalSection
EndGlobal
