
Microsoft Visual Studio Solution File, Format Version 12.00
# Visual Studio Version 17
VisualStudioVersion = 17.11.35219.272
MinimumVisualStudioVersion = 10.0.40219.1
Project("{FAE04EC0-301F-11D3-BF4B-00C04F79EFBC}") = "BaiTapKiemTra01", "BaiTapKiemTra01.csproj", "{641D8015-A21D-49FE-8035-C2FFF852A8CB}"
EndProject
Global
	GlobalSection(SolutionConfigurationPlatforms) = preSolution
		Debug|Any CPU = Debug|Any CPU
		Release|Any CPU = Release|Any CPU
	EndGlobalSection
	GlobalSection(ProjectConfigurationPlatforms) = postSolution
		{641D8015-A21D-49FE-8035-C2FFF852A8CB}.Debug|Any CPU.ActiveCfg = Debug|Any CPU
		{641D8015-A21D-49FE-8035-C2FFF852A8CB}.Debug|Any CPU.Build.0 = Debug|Any CPU
		{641D8015-A21D-49FE-8035-C2FFF852A8CB}.Release|Any CPU.ActiveCfg = Release|Any CPU
		{641D8015-A21D-49FE-8035-C2FFF852A8CB}.Release|Any CPU.Build.0 = Release|Any CPU
	EndGlobalSection
	GlobalSection(SolutionProperties) = preSolution
		HideSolutionNode = FALSE
	EndGlobalSection
	GlobalSection(ExtensibilityGlobals) = postSolution
		SolutionGuid = {80DF7A25-15DD-47B4-B3CD-4595BFBAA0C8}
	EndGlobalSection
EndGlobal
